
Microsoft Visual Studio Solution File, Format Version 12.00
# Visual Studio Version 17
VisualStudioVersion = 17.7.34031.279
MinimumVisualStudioVersion = 10.0.40219.1
Project("{FAE04EC0-301F-11D3-BF4B-00C04F79EFBC}") = "SchoolApp", "SchoolApp\SchoolApp.csproj", "{99D84E89-393D-4BD1-8CA4-36237EF2E03F}"
EndProject
Global
	GlobalSection(SolutionConfigurationPlatforms) = preSolution
		Debug|Any CPU = Debug|Any CPU
		Release|Any CPU = Release|Any CPU
	EndGlobalSection
	GlobalSection(ProjectConfigurationPlatforms) = postSolution
		{99D84E89-393D-4BD1-8CA4-36237EF2E03F}.Debug|Any CPU.ActiveCfg = Debug|Any CPU
		{99D84E89-393D-4BD1-8CA4-36237EF2E03F}.Debug|Any CPU.Build.0 = Debug|Any CPU
		{99D84E89-393D-4BD1-8CA4-36237EF2E03F}.Release|Any CPU.ActiveCfg = Release|Any CPU
		{99D84E89-393D-4BD1-8CA4-36237EF2E03F}.Release|Any CPU.Build.0 = Release|Any CPU
	EndGlobalSection
	GlobalSection(SolutionProperties) = preSolution
		HideSolutionNode = FALSE
	EndGlobalSection
	GlobalSection(ExtensibilityGlobals) = postSolution
		SolutionGuid = {64866749-2864-44FE-B611-C4A509254918}
	EndGlobalSection
EndGlobal
