
Microsoft Visual Studio Solution File, Format Version 12.00
# Visual Studio Version 17
VisualStudioVersion = 17.7.34031.279
MinimumVisualStudioVersion = 10.0.40219.1
Project("{FAE04EC0-301F-11D3-BF4B-00C04F79EFBC}") = "Assignment3Interface", "Assignment3Interface\Assignment3Interface.csproj", "{10220484-9436-4991-A6F5-03C2787C4D50}"
	ProjectSection(ProjectDependencies) = postProject
		{E0B7A01C-1139-4234-A763-6356581B24A2} = {E0B7A01C-1139-4234-A763-6356581B24A2}
	EndProjectSection
EndProject
Project("{FAE04EC0-301F-11D3-BF4B-00C04F79EFBC}") = "ClassLibrary1", "ClassLibrary1\ClassLibrary1.csproj", "{E0B7A01C-1139-4234-A763-6356581B24A2}"
EndProject
Global
	GlobalSection(SolutionConfigurationPlatforms) = preSolution
		Debug|Any CPU = Debug|Any CPU
		Release|Any CPU = Release|Any CPU
	EndGlobalSection
	GlobalSection(ProjectConfigurationPlatforms) = postSolution
		{10220484-9436-4991-A6F5-03C2787C4D50}.Debug|Any CPU.ActiveCfg = Debug|Any CPU
		{10220484-9436-4991-A6F5-03C2787C4D50}.Debug|Any CPU.Build.0 = Debug|Any CPU
		{10220484-9436-4991-A6F5-03C2787C4D50}.Release|Any CPU.ActiveCfg = Release|Any CPU
		{10220484-9436-4991-A6F5-03C2787C4D50}.Release|Any CPU.Build.0 = Release|Any CPU
		{E0B7A01C-1139-4234-A763-6356581B24A2}.Debug|Any CPU.ActiveCfg = Debug|Any CPU
		{E0B7A01C-1139-4234-A763-6356581B24A2}.Debug|Any CPU.Build.0 = Debug|Any CPU
		{E0B7A01C-1139-4234-A763-6356581B24A2}.Release|Any CPU.ActiveCfg = Release|Any CPU
		{E0B7A01C-1139-4234-A763-6356581B24A2}.Release|Any CPU.Build.0 = Release|Any CPU
	EndGlobalSection
	GlobalSection(SolutionProperties) = preSolution
		HideSolutionNode = FALSE
	EndGlobalSection
	GlobalSection(ExtensibilityGlobals) = postSolution
		SolutionGuid = {A0C74324-4D4B-48D0-9EBC-E5010CF73FB3}
	EndGlobalSection
EndGlobal
