
Microsoft Visual Studio Solution File, Format Version 12.00
# Visual Studio Version 17
VisualStudioVersion = 17.7.34031.279
MinimumVisualStudioVersion = 10.0.40219.1
Project("{FAE04EC0-301F-11D3-BF4B-00C04F79EFBC}") = "PracticeOOPS", "PracticeOOPS\PracticeOOPS.csproj", "{C3CDA818-3331-49C9-9864-81A2E84A47B9}"
	ProjectSection(ProjectDependencies) = postProject
		{90F54F83-6661-48E8-BCD4-8F48A1E54454} = {90F54F83-6661-48E8-BCD4-8F48A1E54454}
	EndProjectSection
EndProject
Project("{FAE04EC0-301F-11D3-BF4B-00C04F79EFBC}") = "MyCodeLibrary", "MyCodeLibrary\MyCodeLibrary.csproj", "{90F54F83-6661-48E8-BCD4-8F48A1E54454}"
EndProject
Global
	GlobalSection(SolutionConfigurationPlatforms) = preSolution
		Debug|Any CPU = Debug|Any CPU
		Release|Any CPU = Release|Any CPU
	EndGlobalSection
	GlobalSection(ProjectConfigurationPlatforms) = postSolution
		{C3CDA818-3331-49C9-9864-81A2E84A47B9}.Debug|Any CPU.ActiveCfg = Debug|Any CPU
		{C3CDA818-3331-49C9-9864-81A2E84A47B9}.Debug|Any CPU.Build.0 = Debug|Any CPU
		{C3CDA818-3331-49C9-9864-81A2E84A47B9}.Release|Any CPU.ActiveCfg = Release|Any CPU
		{C3CDA818-3331-49C9-9864-81A2E84A47B9}.Release|Any CPU.Build.0 = Release|Any CPU
		{90F54F83-6661-48E8-BCD4-8F48A1E54454}.Debug|Any CPU.ActiveCfg = Debug|Any CPU
		{90F54F83-6661-48E8-BCD4-8F48A1E54454}.Debug|Any CPU.Build.0 = Debug|Any CPU
		{90F54F83-6661-48E8-BCD4-8F48A1E54454}.Release|Any CPU.ActiveCfg = Release|Any CPU
		{90F54F83-6661-48E8-BCD4-8F48A1E54454}.Release|Any CPU.Build.0 = Release|Any CPU
	EndGlobalSection
	GlobalSection(SolutionProperties) = preSolution
		HideSolutionNode = FALSE
	EndGlobalSection
	GlobalSection(ExtensibilityGlobals) = postSolution
		SolutionGuid = {2AAECE66-A5A7-42DA-AB53-8F9C1B528D2E}
	EndGlobalSection
EndGlobal
