
Microsoft Visual Studio Solution File, Format Version 12.00
# Visual Studio Version 17
VisualStudioVersion = 17.7.34031.279
MinimumVisualStudioVersion = 10.0.40219.1
Project("{FAE04EC0-301F-11D3-BF4B-00C04F79EFBC}") = "CollectionsDemo", "CollectionsDemo\CollectionsDemo.csproj", "{3BA0B441-A147-4134-A0C0-467966E93D08}"
EndProject
Global
	GlobalSection(SolutionConfigurationPlatforms) = preSolution
		Debug|Any CPU = Debug|Any CPU
		Release|Any CPU = Release|Any CPU
	EndGlobalSection
	GlobalSection(ProjectConfigurationPlatforms) = postSolution
		{3BA0B441-A147-4134-A0C0-467966E93D08}.Debug|Any CPU.ActiveCfg = Debug|Any CPU
		{3BA0B441-A147-4134-A0C0-467966E93D08}.Debug|Any CPU.Build.0 = Debug|Any CPU
		{3BA0B441-A147-4134-A0C0-467966E93D08}.Release|Any CPU.ActiveCfg = Release|Any CPU
		{3BA0B441-A147-4134-A0C0-467966E93D08}.Release|Any CPU.Build.0 = Release|Any CPU
	EndGlobalSection
	GlobalSection(SolutionProperties) = preSolution
		HideSolutionNode = FALSE
	EndGlobalSection
	GlobalSection(ExtensibilityGlobals) = postSolution
		SolutionGuid = {51576F30-8DC1-450F-86AB-FB98405478BB}
	EndGlobalSection
EndGlobal
