
Microsoft Visual Studio Solution File, Format Version 12.00
# Visual Studio Version 17
VisualStudioVersion = 17.7.34031.279
MinimumVisualStudioVersion = 10.0.40219.1
Project("{FAE04EC0-301F-11D3-BF4B-00C04F79EFBC}") = "Assignment3InterfaceTrial", "Assignment3InterfaceTrial\Assignment3InterfaceTrial.csproj", "{A63CB226-4AE7-4EC2-AC61-E939B8510DCD}"
EndProject
Global
	GlobalSection(SolutionConfigurationPlatforms) = preSolution
		Debug|Any CPU = Debug|Any CPU
		Release|Any CPU = Release|Any CPU
	EndGlobalSection
	GlobalSection(ProjectConfigurationPlatforms) = postSolution
		{A63CB226-4AE7-4EC2-AC61-E939B8510DCD}.Debug|Any CPU.ActiveCfg = Debug|Any CPU
		{A63CB226-4AE7-4EC2-AC61-E939B8510DCD}.Debug|Any CPU.Build.0 = Debug|Any CPU
		{A63CB226-4AE7-4EC2-AC61-E939B8510DCD}.Release|Any CPU.ActiveCfg = Release|Any CPU
		{A63CB226-4AE7-4EC2-AC61-E939B8510DCD}.Release|Any CPU.Build.0 = Release|Any CPU
	EndGlobalSection
	GlobalSection(SolutionProperties) = preSolution
		HideSolutionNode = FALSE
	EndGlobalSection
	GlobalSection(ExtensibilityGlobals) = postSolution
		SolutionGuid = {35494A1C-8D3B-40C1-96EC-B5B455D57D95}
	EndGlobalSection
EndGlobal
