
Microsoft Visual Studio Solution File, Format Version 12.00
# Visual Studio Version 17
VisualStudioVersion = 17.7.34031.279
MinimumVisualStudioVersion = 10.0.40219.1
Project("{FAE04EC0-301F-11D3-BF4B-00C04F79EFBC}") = "RetrieveStudentsDataFromTextFile", "RetrieveStudentsDataFromTextFile\RetrieveStudentsDataFromTextFile.csproj", "{2B297CDF-4D3A-4693-8FD0-FCE804C70FB8}"
EndProject
Global
	GlobalSection(SolutionConfigurationPlatforms) = preSolution
		Debug|Any CPU = Debug|Any CPU
		Release|Any CPU = Release|Any CPU
	EndGlobalSection
	GlobalSection(ProjectConfigurationPlatforms) = postSolution
		{2B297CDF-4D3A-4693-8FD0-FCE804C70FB8}.Debug|Any CPU.ActiveCfg = Debug|Any CPU
		{2B297CDF-4D3A-4693-8FD0-FCE804C70FB8}.Debug|Any CPU.Build.0 = Debug|Any CPU
		{2B297CDF-4D3A-4693-8FD0-FCE804C70FB8}.Release|Any CPU.ActiveCfg = Release|Any CPU
		{2B297CDF-4D3A-4693-8FD0-FCE804C70FB8}.Release|Any CPU.Build.0 = Release|Any CPU
	EndGlobalSection
	GlobalSection(SolutionProperties) = preSolution
		HideSolutionNode = FALSE
	EndGlobalSection
	GlobalSection(ExtensibilityGlobals) = postSolution
		SolutionGuid = {CC64B0EF-3360-4F2E-8BA7-1133D4A7FC5B}
	EndGlobalSection
EndGlobal
