
Microsoft Visual Studio Solution File, Format Version 12.00
# Visual Studio Version 17
VisualStudioVersion = 17.7.34031.279
MinimumVisualStudioVersion = 10.0.40219.1
Project("{FAE04EC0-301F-11D3-BF4B-00C04F79EFBC}") = "SreeFight", "SreeFight\SreeFight.csproj", "{C60DE93D-0227-44F2-9D10-AEA6474DDECF}"
EndProject
Project("{FAE04EC0-301F-11D3-BF4B-00C04F79EFBC}") = "MathsCalc", "MathsCalc\MathsCalc.csproj", "{18D0D7A3-BDB0-4D25-BC9D-36B5B8805112}"
EndProject
Global
	GlobalSection(SolutionConfigurationPlatforms) = preSolution
		Debug|Any CPU = Debug|Any CPU
		Release|Any CPU = Release|Any CPU
	EndGlobalSection
	GlobalSection(ProjectConfigurationPlatforms) = postSolution
		{C60DE93D-0227-44F2-9D10-AEA6474DDECF}.Debug|Any CPU.ActiveCfg = Debug|Any CPU
		{C60DE93D-0227-44F2-9D10-AEA6474DDECF}.Debug|Any CPU.Build.0 = Debug|Any CPU
		{C60DE93D-0227-44F2-9D10-AEA6474DDECF}.Release|Any CPU.ActiveCfg = Release|Any CPU
		{C60DE93D-0227-44F2-9D10-AEA6474DDECF}.Release|Any CPU.Build.0 = Release|Any CPU
		{18D0D7A3-BDB0-4D25-BC9D-36B5B8805112}.Debug|Any CPU.ActiveCfg = Debug|Any CPU
		{18D0D7A3-BDB0-4D25-BC9D-36B5B8805112}.Debug|Any CPU.Build.0 = Debug|Any CPU
		{18D0D7A3-BDB0-4D25-BC9D-36B5B8805112}.Release|Any CPU.ActiveCfg = Release|Any CPU
		{18D0D7A3-BDB0-4D25-BC9D-36B5B8805112}.Release|Any CPU.Build.0 = Release|Any CPU
	EndGlobalSection
	GlobalSection(SolutionProperties) = preSolution
		HideSolutionNode = FALSE
	EndGlobalSection
	GlobalSection(ExtensibilityGlobals) = postSolution
		SolutionGuid = {C13CBB92-FAF1-40BE-992B-A5F7B0C64F98}
	EndGlobalSection
EndGlobal
